{
  "name": "motion-highcharts-plugin",
  "version": "1.0.8",
  "lockfileVersion": 3,
  "requires": true,
  "packages": {
    "": {
      "name": "motion-highcharts-plugin",
      "version": "1.0.8",
      "license": "CC-BY-SA-4.0",
      "peerDependencies": {
        "highcharts": "4.1"
      }
    },
    "node_modules/highcharts": {
      "version": "4.1.10",
      "resolved": "https://registry.npmjs.org/highcharts/-/highcharts-4.1.10.tgz",
      "integrity": "sha512-9H6bihy5JA+iyrUxxw1XJmZwIRJnvZ2AlbxdPGq1pnHkCVLpF83pNmausHNTaK5EezKcs6Luy6PbqRHfHFQePg==",
      "license": "https://www.highcharts.com/license",
      "peer": true
    }
  }
}
